
Microsoft Visual Studio Solution File, Format Version 12.00
# Visual Studio 15
VisualStudioVersion = 15.0.28307.421
MinimumVisualStudioVersion = 10.0.40219.1
Project("{FAE04EC0-301F-11D3-BF4B-00C04F79EFBC}") = "Ecommerce_proiect_an4_sem1", "Ecommerce_proiect_an4_sem1\Ecommerce_proiect_an4_sem1.csproj", "{AC30942B-C681-4FDC-B0E9-032E38BA9B93}"
EndProject
Global
	GlobalSection(SolutionConfigurationPlatforms) = preSolution
		Debug|Any CPU = Debug|Any CPU
		Release|Any CPU = Release|Any CPU
	EndGlobalSection
	GlobalSection(ProjectConfigurationPlatforms) = postSolution
		{AC30942B-C681-4FDC-B0E9-032E38BA9B93}.Debug|Any CPU.ActiveCfg = Debug|Any CPU
		{AC30942B-C681-4FDC-B0E9-032E38BA9B93}.Debug|Any CPU.Build.0 = Debug|Any CPU
		{AC30942B-C681-4FDC-B0E9-032E38BA9B93}.Release|Any CPU.ActiveCfg = Release|Any CPU
		{AC30942B-C681-4FDC-B0E9-032E38BA9B93}.Release|Any CPU.Build.0 = Release|Any CPU
	EndGlobalSection
	GlobalSection(SolutionProperties) = preSolution
		HideSolutionNode = FALSE
	EndGlobalSection
	GlobalSection(ExtensibilityGlobals) = postSolution
		SolutionGuid = {23820837-5A4D-4EEA-BAB8-875C0415121C}
	EndGlobalSection
EndGlobal
